
Microsoft Visual Studio Solution File, Format Version 12.00
# Visual Studio Version 17
VisualStudioVersion = 17.9.34622.214
MinimumVisualStudioVersion = 10.0.40219.1
Project("{9A19103F-16F7-4668-BE54-9A1E7A4F7556}") = "LogicaDeAplicacion", "LogicaDeAplicacion\LogicaDeAplicacion.csproj", "{F567539E-0366-4417-9237-B17B0ED07EB0}"
EndProject
Project("{9A19103F-16F7-4668-BE54-9A1E7A4F7556}") = "LogicaDeNegocio", "LogicaDeNegocio\LogicaDeNegocio.csproj", "{821E2CF7-03FB-4B11-B164-14F11C40B3E6}"
EndProject
Project("{9A19103F-16F7-4668-BE54-9A1E7A4F7556}") = "AccesoADatos", "AccesoADatos\AccesoADatos.csproj", "{CBBEDBBF-FCE9-43DA-AB63-21B508F9A06F}"
EndProject
Project("{9A19103F-16F7-4668-BE54-9A1E7A4F7556}") = "WebApp", "WebApp\WebApp.csproj", "{199BBE53-2A56-4801-9D43-E0D41D11E63F}"
EndProject
Project("{2150E333-8FDC-42A3-9474-1A3956D46DE8}") = "Elementos de la solución", "Elementos de la solución", "{1B9AF6CB-47E0-4348-8419-D100FCC66941}"
	ProjectSection(SolutionItems) = preProject
		.gitignore = .gitignore
	EndProjectSection
EndProject
Project("{9A19103F-16F7-4668-BE54-9A1E7A4F7556}") = "WebApi", "WebApi\WebApi.csproj", "{4491890F-7C86-4DD4-A968-2F0BE4EA3582}"
EndProject
Project("{FAE04EC0-301F-11D3-BF4B-00C04F79EFBC}") = "Enums", "Enums\Enums.csproj", "{BAF5C131-E808-45CF-BA44-3DD835DE9D8D}"
EndProject
Global
	GlobalSection(SolutionConfigurationPlatforms) = preSolution
		Debug|Any CPU = Debug|Any CPU
		Release|Any CPU = Release|Any CPU
	EndGlobalSection
	GlobalSection(ProjectConfigurationPlatforms) = postSolution
		{F567539E-0366-4417-9237-B17B0ED07EB0}.Debug|Any CPU.ActiveCfg = Debug|Any CPU
		{F567539E-0366-4417-9237-B17B0ED07EB0}.Debug|Any CPU.Build.0 = Debug|Any CPU
		{F567539E-0366-4417-9237-B17B0ED07EB0}.Release|Any CPU.ActiveCfg = Release|Any CPU
		{F567539E-0366-4417-9237-B17B0ED07EB0}.Release|Any CPU.Build.0 = Release|Any CPU
		{821E2CF7-03FB-4B11-B164-14F11C40B3E6}.Debug|Any CPU.ActiveCfg = Debug|Any CPU
		{821E2CF7-03FB-4B11-B164-14F11C40B3E6}.Debug|Any CPU.Build.0 = Debug|Any CPU
		{821E2CF7-03FB-4B11-B164-14F11C40B3E6}.Release|Any CPU.ActiveCfg = Release|Any CPU
		{821E2CF7-03FB-4B11-B164-14F11C40B3E6}.Release|Any CPU.Build.0 = Release|Any CPU
		{CBBEDBBF-FCE9-43DA-AB63-21B508F9A06F}.Debug|Any CPU.ActiveCfg = Debug|Any CPU
		{CBBEDBBF-FCE9-43DA-AB63-21B508F9A06F}.Debug|Any CPU.Build.0 = Debug|Any CPU
		{CBBEDBBF-FCE9-43DA-AB63-21B508F9A06F}.Release|Any CPU.ActiveCfg = Release|Any CPU
		{CBBEDBBF-FCE9-43DA-AB63-21B508F9A06F}.Release|Any CPU.Build.0 = Release|Any CPU
		{199BBE53-2A56-4801-9D43-E0D41D11E63F}.Debug|Any CPU.ActiveCfg = Debug|Any CPU
		{199BBE53-2A56-4801-9D43-E0D41D11E63F}.Debug|Any CPU.Build.0 = Debug|Any CPU
		{199BBE53-2A56-4801-9D43-E0D41D11E63F}.Release|Any CPU.ActiveCfg = Release|Any CPU
		{199BBE53-2A56-4801-9D43-E0D41D11E63F}.Release|Any CPU.Build.0 = Release|Any CPU
		{4491890F-7C86-4DD4-A968-2F0BE4EA3582}.Debug|Any CPU.ActiveCfg = Debug|Any CPU
		{4491890F-7C86-4DD4-A968-2F0BE4EA3582}.Debug|Any CPU.Build.0 = Debug|Any CPU
		{4491890F-7C86-4DD4-A968-2F0BE4EA3582}.Release|Any CPU.ActiveCfg = Release|Any CPU
		{4491890F-7C86-4DD4-A968-2F0BE4EA3582}.Release|Any CPU.Build.0 = Release|Any CPU
		{BAF5C131-E808-45CF-BA44-3DD835DE9D8D}.Debug|Any CPU.ActiveCfg = Debug|Any CPU
		{BAF5C131-E808-45CF-BA44-3DD835DE9D8D}.Debug|Any CPU.Build.0 = Debug|Any CPU
		{BAF5C131-E808-45CF-BA44-3DD835DE9D8D}.Release|Any CPU.ActiveCfg = Release|Any CPU
		{BAF5C131-E808-45CF-BA44-3DD835DE9D8D}.Release|Any CPU.Build.0 = Release|Any CPU
	EndGlobalSection
	GlobalSection(SolutionProperties) = preSolution
		HideSolutionNode = FALSE
	EndGlobalSection
	GlobalSection(ExtensibilityGlobals) = postSolution
		SolutionGuid = {FEB49FD6-EE91-49E6-81D6-BECEF7449122}
	EndGlobalSection
EndGlobal
